
Microsoft Visual Studio Solution File, Format Version 12.00
# Visual Studio Version 17
VisualStudioVersion = 17.2.32630.192
MinimumVisualStudioVersion = 10.0.40219.1
Project("{FAE04EC0-301F-11D3-BF4B-00C04F79EFBC}") = "PracticeLinq", "PracticeLinq.csproj", "{FA3C0BEE-759B-4603-BE78-7DE01D249DDD}"
EndProject
Global
	GlobalSection(SolutionConfigurationPlatforms) = preSolution
		Debug|Any CPU = Debug|Any CPU
		Release|Any CPU = Release|Any CPU
	EndGlobalSection
	GlobalSection(ProjectConfigurationPlatforms) = postSolution
		{FA3C0BEE-759B-4603-BE78-7DE01D249DDD}.Debug|Any CPU.ActiveCfg = Debug|Any CPU
		{FA3C0BEE-759B-4603-BE78-7DE01D249DDD}.Debug|Any CPU.Build.0 = Debug|Any CPU
		{FA3C0BEE-759B-4603-BE78-7DE01D249DDD}.Release|Any CPU.ActiveCfg = Release|Any CPU
		{FA3C0BEE-759B-4603-BE78-7DE01D249DDD}.Release|Any CPU.Build.0 = Release|Any CPU
	EndGlobalSection
	GlobalSection(SolutionProperties) = preSolution
		HideSolutionNode = FALSE
	EndGlobalSection
	GlobalSection(ExtensibilityGlobals) = postSolution
		SolutionGuid = {FAFECC26-8F77-4778-80EF-4F2CCD8336A8}
	EndGlobalSection
EndGlobal
